
Microsoft Visual Studio Solution File, Format Version 12.00
# Visual Studio Version 16
VisualStudioVersion = 16.0.30523.141
MinimumVisualStudioVersion = 10.0.40219.1
Project("{9A19103F-16F7-4668-BE54-9A1E7A4F7556}") = "Sandbox", "Sandbox\Sandbox.csproj", "{89F6D0C2-7E12-44FC-9716-C8CBE21920B5}"
EndProject
Project("{FAE04EC0-301F-11D3-BF4B-00C04F79EFBC}") = "VoitingSystem.Tests", "VoitingSystem.Tests\VoitingSystem.Tests.csproj", "{2D80E20A-AE04-410E-82B8-2E8FD2C6ED2B}"
EndProject
Global
	GlobalSection(SolutionConfigurationPlatforms) = preSolution
		Debug|Any CPU = Debug|Any CPU
		Release|Any CPU = Release|Any CPU
	EndGlobalSection
	GlobalSection(ProjectConfigurationPlatforms) = postSolution
		{89F6D0C2-7E12-44FC-9716-C8CBE21920B5}.Debug|Any CPU.ActiveCfg = Debug|Any CPU
		{89F6D0C2-7E12-44FC-9716-C8CBE21920B5}.Debug|Any CPU.Build.0 = Debug|Any CPU
		{89F6D0C2-7E12-44FC-9716-C8CBE21920B5}.Release|Any CPU.ActiveCfg = Release|Any CPU
		{89F6D0C2-7E12-44FC-9716-C8CBE21920B5}.Release|Any CPU.Build.0 = Release|Any CPU
		{2D80E20A-AE04-410E-82B8-2E8FD2C6ED2B}.Debug|Any CPU.ActiveCfg = Debug|Any CPU
		{2D80E20A-AE04-410E-82B8-2E8FD2C6ED2B}.Debug|Any CPU.Build.0 = Debug|Any CPU
		{2D80E20A-AE04-410E-82B8-2E8FD2C6ED2B}.Release|Any CPU.ActiveCfg = Release|Any CPU
		{2D80E20A-AE04-410E-82B8-2E8FD2C6ED2B}.Release|Any CPU.Build.0 = Release|Any CPU
	EndGlobalSection
	GlobalSection(SolutionProperties) = preSolution
		HideSolutionNode = FALSE
	EndGlobalSection
	GlobalSection(ExtensibilityGlobals) = postSolution
		SolutionGuid = {2A656AF0-4862-438E-B48A-51E21E8DDF0B}
	EndGlobalSection
EndGlobal
